
Microsoft Visual Studio Solution File, Format Version 12.00
# Visual Studio 15
VisualStudioVersion = 15.0.28307.136
MinimumVisualStudioVersion = 10.0.40219.1
Project("{2150E333-8FDC-42A3-9474-1A3956D46DE8}") = "Solution Items", "Solution Items", "{0BF6F42B-B1A4-4E7A-BA32-A612F2F8A797}"
	ProjectSection(SolutionItems) = preProject
		build\version.props = build\version.props
	EndProjectSection
EndProject
Project("{2150E333-8FDC-42A3-9474-1A3956D46DE8}") = "src", "src", "{779A24FC-0621-4085-AB80-9BD0BB6AF605}"
EndProject
Project("{2150E333-8FDC-42A3-9474-1A3956D46DE8}") = "test", "test", "{B7AEF66E-E1B9-4370-943F-E3573E58BACA}"
EndProject
Project("{2150E333-8FDC-42A3-9474-1A3956D46DE8}") = "Services", "Services", "{5267E5D9-2B87-4B75-92FD-111624A81E7D}"
EndProject
Project("{2150E333-8FDC-42A3-9474-1A3956D46DE8}") = "Basket", "Basket", "{C18FDD70-6D53-4007-8058-455DF6EA8C13}"
EndProject
Project("{2150E333-8FDC-42A3-9474-1A3956D46DE8}") = "Catalog", "Catalog", "{2B6EF9B0-35C8-469F-B241-F40C094F1B95}"
EndProject
Project("{2150E333-8FDC-42A3-9474-1A3956D46DE8}") = "Identity", "Identity", "{876548FD-6411-4833-906E-989C39386664}"
EndProject
Project("{2150E333-8FDC-42A3-9474-1A3956D46DE8}") = "Marketing", "Marketing", "{9FCEA7A6-0F43-4DF7-870F-3349F72CA0FA}"
EndProject
Project("{2150E333-8FDC-42A3-9474-1A3956D46DE8}") = "Ordering", "Ordering", "{45D19258-0B83-4FEA-99A9-346D5264EDF6}"
EndProject
Project("{2150E333-8FDC-42A3-9474-1A3956D46DE8}") = "Payment", "Payment", "{6FD53234-73B6-4A58-8CD8-7B5F4B575D34}"
EndProject
Project("{FAE04EC0-301F-11D3-BF4B-00C04F79EFBC}") = "Basket.API", "src\Services\Basket\Basket.API\Basket.API.csproj", "{68DE6727-A0CB-4518-B8FD-016D5B841A09}"
EndProject
Project("{FAE04EC0-301F-11D3-BF4B-00C04F79EFBC}") = "Catalog.API", "src\Services\Catalog\Catalog.API\Catalog.API.csproj", "{C901BCC7-4AE1-418C-8175-A72B74AC3584}"
EndProject
Project("{FAE04EC0-301F-11D3-BF4B-00C04F79EFBC}") = "Identity.API", "src\Services\Identity\Identity.API\Identity.API.csproj", "{394FF665-294F-4847-8E7F-E58F1B142FAF}"
EndProject
Project("{FAE04EC0-301F-11D3-BF4B-00C04F79EFBC}") = "Marketing.API", "src\Services\Marketing\Marketing.API\Marketing.API.csproj", "{CA029472-5637-4239-9168-AF282D96D859}"
EndProject
Project("{FAE04EC0-301F-11D3-BF4B-00C04F79EFBC}") = "Ordering.API", "src\Services\Ordering\Ordering.API\Ordering.API.csproj", "{7E09569A-D9D7-4B6B-8B34-DB3C832073E2}"
EndProject
Project("{FAE04EC0-301F-11D3-BF4B-00C04F79EFBC}") = "Payment.API", "src\Services\Payment\Payment.API\Payment.API.csproj", "{0178BB26-8B37-4BFF-97AE-764D46593920}"
EndProject
Project("{2150E333-8FDC-42A3-9474-1A3956D46DE8}") = "ServicesTests", "ServicesTests", "{9F378944-D65E-4FA7-AA34-23BF342112F8}"
EndProject
Project("{FAE04EC0-301F-11D3-BF4B-00C04F79EFBC}") = "IntegrationTest", "test\ServicesTests\IntegrationTest\IntegrationTest.csproj", "{94C559A6-82AA-4149-9616-E6EC78753766}"
EndProject
Global
	GlobalSection(SolutionConfigurationPlatforms) = preSolution
		Debug|Any CPU = Debug|Any CPU
		Release|Any CPU = Release|Any CPU
	EndGlobalSection
	GlobalSection(ProjectConfigurationPlatforms) = postSolution
		{68DE6727-A0CB-4518-B8FD-016D5B841A09}.Debug|Any CPU.ActiveCfg = Debug|Any CPU
		{68DE6727-A0CB-4518-B8FD-016D5B841A09}.Debug|Any CPU.Build.0 = Debug|Any CPU
		{68DE6727-A0CB-4518-B8FD-016D5B841A09}.Release|Any CPU.ActiveCfg = Release|Any CPU
		{68DE6727-A0CB-4518-B8FD-016D5B841A09}.Release|Any CPU.Build.0 = Release|Any CPU
		{C901BCC7-4AE1-418C-8175-A72B74AC3584}.Debug|Any CPU.ActiveCfg = Debug|Any CPU
		{C901BCC7-4AE1-418C-8175-A72B74AC3584}.Debug|Any CPU.Build.0 = Debug|Any CPU
		{C901BCC7-4AE1-418C-8175-A72B74AC3584}.Release|Any CPU.ActiveCfg = Release|Any CPU
		{C901BCC7-4AE1-418C-8175-A72B74AC3584}.Release|Any CPU.Build.0 = Release|Any CPU
		{394FF665-294F-4847-8E7F-E58F1B142FAF}.Debug|Any CPU.ActiveCfg = Debug|Any CPU
		{394FF665-294F-4847-8E7F-E58F1B142FAF}.Debug|Any CPU.Build.0 = Debug|Any CPU
		{394FF665-294F-4847-8E7F-E58F1B142FAF}.Release|Any CPU.ActiveCfg = Release|Any CPU
		{394FF665-294F-4847-8E7F-E58F1B142FAF}.Release|Any CPU.Build.0 = Release|Any CPU
		{CA029472-5637-4239-9168-AF282D96D859}.Debug|Any CPU.ActiveCfg = Debug|Any CPU
		{CA029472-5637-4239-9168-AF282D96D859}.Debug|Any CPU.Build.0 = Debug|Any CPU
		{CA029472-5637-4239-9168-AF282D96D859}.Release|Any CPU.ActiveCfg = Release|Any CPU
		{CA029472-5637-4239-9168-AF282D96D859}.Release|Any CPU.Build.0 = Release|Any CPU
		{7E09569A-D9D7-4B6B-8B34-DB3C832073E2}.Debug|Any CPU.ActiveCfg = Debug|Any CPU
		{7E09569A-D9D7-4B6B-8B34-DB3C832073E2}.Debug|Any CPU.Build.0 = Debug|Any CPU
		{7E09569A-D9D7-4B6B-8B34-DB3C832073E2}.Release|Any CPU.ActiveCfg = Release|Any CPU
		{7E09569A-D9D7-4B6B-8B34-DB3C832073E2}.Release|Any CPU.Build.0 = Release|Any CPU
		{0178BB26-8B37-4BFF-97AE-764D46593920}.Debug|Any CPU.ActiveCfg = Debug|Any CPU
		{0178BB26-8B37-4BFF-97AE-764D46593920}.Debug|Any CPU.Build.0 = Debug|Any CPU
		{0178BB26-8B37-4BFF-97AE-764D46593920}.Release|Any CPU.ActiveCfg = Release|Any CPU
		{0178BB26-8B37-4BFF-97AE-764D46593920}.Release|Any CPU.Build.0 = Release|Any CPU
		{94C559A6-82AA-4149-9616-E6EC78753766}.Debug|Any CPU.ActiveCfg = Debug|Any CPU
		{94C559A6-82AA-4149-9616-E6EC78753766}.Debug|Any CPU.Build.0 = Debug|Any CPU
		{94C559A6-82AA-4149-9616-E6EC78753766}.Release|Any CPU.ActiveCfg = Release|Any CPU
		{94C559A6-82AA-4149-9616-E6EC78753766}.Release|Any CPU.Build.0 = Release|Any CPU
	EndGlobalSection
	GlobalSection(SolutionProperties) = preSolution
		HideSolutionNode = FALSE
	EndGlobalSection
	GlobalSection(NestedProjects) = preSolution
		{5267E5D9-2B87-4B75-92FD-111624A81E7D} = {779A24FC-0621-4085-AB80-9BD0BB6AF605}
		{C18FDD70-6D53-4007-8058-455DF6EA8C13} = {5267E5D9-2B87-4B75-92FD-111624A81E7D}
		{2B6EF9B0-35C8-469F-B241-F40C094F1B95} = {5267E5D9-2B87-4B75-92FD-111624A81E7D}
		{876548FD-6411-4833-906E-989C39386664} = {5267E5D9-2B87-4B75-92FD-111624A81E7D}
		{9FCEA7A6-0F43-4DF7-870F-3349F72CA0FA} = {5267E5D9-2B87-4B75-92FD-111624A81E7D}
		{45D19258-0B83-4FEA-99A9-346D5264EDF6} = {5267E5D9-2B87-4B75-92FD-111624A81E7D}
		{6FD53234-73B6-4A58-8CD8-7B5F4B575D34} = {5267E5D9-2B87-4B75-92FD-111624A81E7D}
		{68DE6727-A0CB-4518-B8FD-016D5B841A09} = {C18FDD70-6D53-4007-8058-455DF6EA8C13}
		{C901BCC7-4AE1-418C-8175-A72B74AC3584} = {2B6EF9B0-35C8-469F-B241-F40C094F1B95}
		{394FF665-294F-4847-8E7F-E58F1B142FAF} = {876548FD-6411-4833-906E-989C39386664}
		{CA029472-5637-4239-9168-AF282D96D859} = {9FCEA7A6-0F43-4DF7-870F-3349F72CA0FA}
		{7E09569A-D9D7-4B6B-8B34-DB3C832073E2} = {45D19258-0B83-4FEA-99A9-346D5264EDF6}
		{0178BB26-8B37-4BFF-97AE-764D46593920} = {6FD53234-73B6-4A58-8CD8-7B5F4B575D34}
		{9F378944-D65E-4FA7-AA34-23BF342112F8} = {B7AEF66E-E1B9-4370-943F-E3573E58BACA}
		{94C559A6-82AA-4149-9616-E6EC78753766} = {9F378944-D65E-4FA7-AA34-23BF342112F8}
	EndGlobalSection
	GlobalSection(ExtensibilityGlobals) = postSolution
		SolutionGuid = {94A499F2-8AA4-43FC-9824-F095E42D54AB}
	EndGlobalSection
EndGlobal
